{
  "version": 4,
  "terraform_version": "0.12.24",
  "serial": 4,
  "lineage": "17816f12-477b-b883-fd4f-2fa45c33b7c4",
  "outputs": {},
  "resources": [
    {
      "module": "module.aci-devops-agents",
      "mode": "managed",
      "type": "azurerm_resource_group",
      "name": "rg",
      "provider": "provider.azurerm",
      "instances": [
        {
          "schema_version": 0,
          "attributes": {
            "id": "/subscriptions/12c7e9d6-967e-40c8-8b3e-4659a4ada3ef/resourceGroups/testrg-iEcmAWDP",
            "location": "westeurope",
            "name": "testrg-iEcmAWDP",
            "tags": null,
            "timeouts": null
          },
          "private": "eyJlMmJmYjczMC1lY2FhLTExZTYtOGY4OC0zNDM2M2JjN2M0YzAiOnsiY3JlYXRlIjo1NDAwMDAwMDAwMDAwLCJkZWxldGUiOjU0MDAwMDAwMDAwMDAsInJlYWQiOjMwMDAwMDAwMDAwMCwidXBkYXRlIjo1NDAwMDAwMDAwMDAwfX0=",
          "dependencies": [
            "module.aci-devops-agents.random_string.suffix"
          ]
        }
      ]
    },
    {
      "module": "module.aci-devops-agents",
      "mode": "managed",
      "type": "random_string",
      "name": "suffix",
      "provider": "provider.random",
      "instances": [
        {
          "schema_version": 1,
          "attributes": {
            "id": "iEcmAWDP",
            "keepers": null,
            "length": 8,
            "lower": true,
            "min_lower": 0,
            "min_numeric": 0,
            "min_special": 0,
            "min_upper": 0,
            "number": true,
            "override_special": null,
            "result": "iEcmAWDP",
            "special": false,
            "upper": true
          },
          "private": "eyJzY2hlbWFfdmVyc2lvbiI6IjEifQ=="
        }
      ]
    }
  ]
}
